{
  "requires": true,
  "lockfileVersion": 1,
  "dependencies": {
    "homebrewlib": {
      "version": "1.0.1",
      "resolved": "https://registry.npmjs.org/homebrewlib/-/homebrewlib-1.0.1.tgz",
      "integrity": "sha512-PBeT+R4uX66/cD9cM08sCVBQPoKPHaGcPj8ufHAcU1jdh4L/aS9wAFXmniKGVkBhZ5s879/afyED6k4fPo66Aw=="
    }
  }
}
